
Microsoft Visual Studio Solution File, Format Version 12.00
# Visual Studio 14
VisualStudioVersion = 14.0.25420.1
MinimumVisualStudioVersion = 10.0.40219.1
Project("{FAE04EC0-301F-11D3-BF4B-00C04F79EFBC}") = "QUANLYNHANSU", "QUANLYNHANSU\QUANLYNHANSU.csproj", "{0C7476B3-0ED0-4B51-B0E4-BEB6E35A9E76}"
EndProject
Project("{FAE04EC0-301F-11D3-BF4B-00C04F79EFBC}") = "QuanLyNhanSu-Master", "QuanLyNhanSu-Master\QuanLyNhanSu-Master.csproj", "{BD8B5FB2-1078-4C3E-885C-C7153F0FDEB2}"
EndProject
Global
	GlobalSection(SolutionConfigurationPlatforms) = preSolution
		Debug|Any CPU = Debug|Any CPU
		Release|Any CPU = Release|Any CPU
	EndGlobalSection
	GlobalSection(ProjectConfigurationPlatforms) = postSolution
		{0C7476B3-0ED0-4B51-B0E4-BEB6E35A9E76}.Debug|Any CPU.ActiveCfg = Debug|Any CPU
		{0C7476B3-0ED0-4B51-B0E4-BEB6E35A9E76}.Debug|Any CPU.Build.0 = Debug|Any CPU
		{0C7476B3-0ED0-4B51-B0E4-BEB6E35A9E76}.Release|Any CPU.ActiveCfg = Release|Any CPU
		{0C7476B3-0ED0-4B51-B0E4-BEB6E35A9E76}.Release|Any CPU.Build.0 = Release|Any CPU
		{BD8B5FB2-1078-4C3E-885C-C7153F0FDEB2}.Debug|Any CPU.ActiveCfg = Debug|Any CPU
		{BD8B5FB2-1078-4C3E-885C-C7153F0FDEB2}.Debug|Any CPU.Build.0 = Debug|Any CPU
		{BD8B5FB2-1078-4C3E-885C-C7153F0FDEB2}.Release|Any CPU.ActiveCfg = Release|Any CPU
		{BD8B5FB2-1078-4C3E-885C-C7153F0FDEB2}.Release|Any CPU.Build.0 = Release|Any CPU
	EndGlobalSection
	GlobalSection(SolutionProperties) = preSolution
		HideSolutionNode = FALSE
	EndGlobalSection
	GlobalSection(ExtensibilityGlobals) = postSolution
		SolutionGuid = {44B29553-326F-499E-8083-F125D6B3D668}
	EndGlobalSection
EndGlobal
